// !$*UTF8*$!
{
	archiveVersion = 1;
	classes = {
	};
	objectVersion = 56;
	objects = {

/* Begin PBXBuildFile section */
		256CE3022BFE616F00EB8174 /* AppDelegate.swift in Sources */ = {isa = PBXBuildFile; fileRef = 256CE3012BFE616F00EB8174 /* AppDelegate.swift */; };
		256CE3042BFE616F00EB8174 /* SceneDelegate.swift in Sources */ = {isa = PBXBuildFile; fileRef = 256CE3032BFE616F00EB8174 /* SceneDelegate.swift */; };
		256CE3062BFE616F00EB8174 /* HomeScreenViewController.swift in Sources */ = {isa = PBXBuildFile; fileRef = 256CE3052BFE616F00EB8174 /* HomeScreenViewController.swift */; };
		256CE30B2BFE617200EB8174 /* Assets.xcassets in Resources */ = {isa = PBXBuildFile; fileRef = 256CE30A2BFE617200EB8174 /* Assets.xcassets */; };
		256CE30E2BFE617200EB8174 /* LaunchScreen.storyboard in Resources */ = {isa = PBXBuildFile; fileRef = 256CE30C2BFE617200EB8174 /* LaunchScreen.storyboard */; };
		256CE3192BFE617300EB8174 /* PlaylistRestAPIServiceTests.swift in Sources */ = {isa = PBXBuildFile; fileRef = 256CE3182BFE617300EB8174 /* PlaylistRestAPIServiceTests.swift */; };
		256CE3232BFE617300EB8174 /* QuipperTestUITests.swift in Sources */ = {isa = PBXBuildFile; fileRef = 256CE3222BFE617300EB8174 /* QuipperTestUITests.swift */; };
		256CE3252BFE617300EB8174 /* QuipperTestUITestsLaunchTests.swift in Sources */ = {isa = PBXBuildFile; fileRef = 256CE3242BFE617300EB8174 /* QuipperTestUITestsLaunchTests.swift */; };
		256CE3392BFE68E000EB8174 /* HomeScreenWireFrame.swift in Sources */ = {isa = PBXBuildFile; fileRef = 256CE3382BFE68E000EB8174 /* HomeScreenWireFrame.swift */; };
		256CE33C2BFE6A1100EB8174 /* HomeScreenViewModel.swift in Sources */ = {isa = PBXBuildFile; fileRef = 256CE33B2BFE6A1100EB8174 /* HomeScreenViewModel.swift */; };
		256CE33E2BFE6A6C00EB8174 /* PlaylistModel.swift in Sources */ = {isa = PBXBuildFile; fileRef = 256CE33D2BFE6A6C00EB8174 /* PlaylistModel.swift */; };
		256CE3402BFE6B9000EB8174 /* PlaylistRepository.swift in Sources */ = {isa = PBXBuildFile; fileRef = 256CE33F2BFE6B8F00EB8174 /* PlaylistRepository.swift */; };
		256CE3422BFE6C9D00EB8174 /* PlaylistRestAPIService.swift in Sources */ = {isa = PBXBuildFile; fileRef = 256CE3412BFE6C9D00EB8174 /* PlaylistRestAPIService.swift */; };
		256CE3452BFE6D0800EB8174 /* PlaylistDataModel.swift in Sources */ = {isa = PBXBuildFile; fileRef = 256CE3442BFE6D0800EB8174 /* PlaylistDataModel.swift */; };
		25B93E2B2BFF46B600B8AB3F /* VideoItemCell.swift in Sources */ = {isa = PBXBuildFile; fileRef = 25B93E2A2BFF46B600B8AB3F /* VideoItemCell.swift */; };
		25B93E2E2BFF4B6C00B8AB3F /* Colors.swift in Sources */ = {isa = PBXBuildFile; fileRef = 25B93E2D2BFF4B6C00B8AB3F /* Colors.swift */; };
		25B93E392BFF926400B8AB3F /* VideoDetailWireframe.swift in Sources */ = {isa = PBXBuildFile; fileRef = 25B93E382BFF926400B8AB3F /* VideoDetailWireframe.swift */; };
		25B93E3B2BFF92B600B8AB3F /* VideoDetailViewController.swift in Sources */ = {isa = PBXBuildFile; fileRef = 25B93E3A2BFF92B600B8AB3F /* VideoDetailViewController.swift */; };
		25B93E3D2BFF954500B8AB3F /* CustomImageView.swift in Sources */ = {isa = PBXBuildFile; fileRef = 25B93E3C2BFF954500B8AB3F /* CustomImageView.swift */; };
		25B93E3F2BFFB18D00B8AB3F /* PlaylistRepositoryTests.swift in Sources */ = {isa = PBXBuildFile; fileRef = 25B93E3E2BFFB18D00B8AB3F /* PlaylistRepositoryTests.swift */; };
		25C295E82C01D49C00B88946 /* PlaylistDataModel.swift in Sources */ = {isa = PBXBuildFile; fileRef = 256CE3442BFE6D0800EB8174 /* PlaylistDataModel.swift */; };
		25C295EA2C01DB5500B88946 /* HomeScreenViewModelTests.swift in Sources */ = {isa = PBXBuildFile; fileRef = 25C295E92C01DB5500B88946 /* HomeScreenViewModelTests.swift */; };
		6348F91177F710F9E8959B00 /* Pods_QuipperTestTests.framework in Frameworks */ = {isa = PBXBuildFile; fileRef = EDD3699892F48849A1769341 /* Pods_QuipperTestTests.framework */; };
		E8ABC3C3A69133FAEFBACB96 /* Pods_QuipperTest.framework in Frameworks */ = {isa = PBXBuildFile; fileRef = 891FD8E054AEB779BE2BBEA0 /* Pods_QuipperTest.framework */; };
		F6F0B0D972D1C6984652DEF0 /* Pods_QuipperTest_QuipperTestUITests.framework in Frameworks */ = {isa = PBXBuildFile; fileRef = 93877D25E8385E88F56E4167 /* Pods_QuipperTest_QuipperTestUITests.framework */; };
/* End PBXBuildFile section */

/* Begin PBXContainerItemProxy section */
		256CE3152BFE617300EB8174 /* PBXContainerItemProxy */ = {
			isa = PBXContainerItemProxy;
			containerPortal = 256CE2F62BFE616F00EB8174 /* Project object */;
			proxyType = 1;
			remoteGlobalIDString = 256CE2FD2BFE616F00EB8174;
			remoteInfo = QuipperTest;
		};
		256CE31F2BFE617300EB8174 /* PBXContainerItemProxy */ = {
			isa = PBXContainerItemProxy;
			containerPortal = 256CE2F62BFE616F00EB8174 /* Project object */;
			proxyType = 1;
			remoteGlobalIDString = 256CE2FD2BFE616F00EB8174;
			remoteInfo = QuipperTest;
		};
/* End PBXContainerItemProxy section */

/* Begin PBXFileReference section */
		02D1406630473B4A31DEA4D1 /* Pods-QuipperTest.release.xcconfig */ = {isa = PBXFileReference; includeInIndex = 1; lastKnownFileType = text.xcconfig; name = "Pods-QuipperTest.release.xcconfig"; path = "Target Support Files/Pods-QuipperTest/Pods-QuipperTest.release.xcconfig"; sourceTree = "<group>"; };
		05CF290223FF1E43C0234AD8 /* Pods-QuipperTest-QuipperTestUITests.debug.xcconfig */ = {isa = PBXFileReference; includeInIndex = 1; lastKnownFileType = text.xcconfig; name = "Pods-QuipperTest-QuipperTestUITests.debug.xcconfig"; path = "Target Support Files/Pods-QuipperTest-QuipperTestUITests/Pods-QuipperTest-QuipperTestUITests.debug.xcconfig"; sourceTree = "<group>"; };
		104D19FECAF1D73237CAEECF /* Pods-QuipperTest.debug.xcconfig */ = {isa = PBXFileReference; includeInIndex = 1; lastKnownFileType = text.xcconfig; name = "Pods-QuipperTest.debug.xcconfig"; path = "Target Support Files/Pods-QuipperTest/Pods-QuipperTest.debug.xcconfig"; sourceTree = "<group>"; };
		1BF08B0A8357405C4D14D490 /* Pods-QuipperTestTests.debug.xcconfig */ = {isa = PBXFileReference; includeInIndex = 1; lastKnownFileType = text.xcconfig; name = "Pods-QuipperTestTests.debug.xcconfig"; path = "Target Support Files/Pods-QuipperTestTests/Pods-QuipperTestTests.debug.xcconfig"; sourceTree = "<group>"; };
		256CE2FE2BFE616F00EB8174 /* QuipperTest.app */ = {isa = PBXFileReference; explicitFileType = wrapper.application; includeInIndex = 0; path = QuipperTest.app; sourceTree = BUILT_PRODUCTS_DIR; };
		256CE3012BFE616F00EB8174 /* AppDelegate.swift */ = {isa = PBXFileReference; lastKnownFileType = sourcecode.swift; path = AppDelegate.swift; sourceTree = "<group>"; };
		256CE3032BFE616F00EB8174 /* SceneDelegate.swift */ = {isa = PBXFileReference; lastKnownFileType = sourcecode.swift; path = SceneDelegate.swift; sourceTree = "<group>"; };
		256CE3052BFE616F00EB8174 /* HomeScreenViewController.swift */ = {isa = PBXFileReference; lastKnownFileType = sourcecode.swift; path = HomeScreenViewController.swift; sourceTree = "<group>"; };
		256CE30A2BFE617200EB8174 /* Assets.xcassets */ = {isa = PBXFileReference; lastKnownFileType = folder.assetcatalog; path = Assets.xcassets; sourceTree = "<group>"; };
		256CE30D2BFE617200EB8174 /* Base */ = {isa = PBXFileReference; lastKnownFileType = file.storyboard; name = Base; path = Base.lproj/LaunchScreen.storyboard; sourceTree = "<group>"; };
		256CE30F2BFE617200EB8174 /* Info.plist */ = {isa = PBXFileReference; lastKnownFileType = text.plist.xml; path = Info.plist; sourceTree = "<group>"; };
		256CE3142BFE617300EB8174 /* QuipperTestTests.xctest */ = {isa = PBXFileReference; explicitFileType = wrapper.cfbundle; includeInIndex = 0; path = QuipperTestTests.xctest; sourceTree = BUILT_PRODUCTS_DIR; };
		256CE3182BFE617300EB8174 /* PlaylistRestAPIServiceTests.swift */ = {isa = PBXFileReference; lastKnownFileType = sourcecode.swift; path = PlaylistRestAPIServiceTests.swift; sourceTree = "<group>"; };
		256CE31E2BFE617300EB8174 /* QuipperTestUITests.xctest */ = {isa = PBXFileReference; explicitFileType = wrapper.cfbundle; includeInIndex = 0; path = QuipperTestUITests.xctest; sourceTree = BUILT_PRODUCTS_DIR; };
		256CE3222BFE617300EB8174 /* QuipperTestUITests.swift */ = {isa = PBXFileReference; lastKnownFileType = sourcecode.swift; path = QuipperTestUITests.swift; sourceTree = "<group>"; };
		256CE3242BFE617300EB8174 /* QuipperTestUITestsLaunchTests.swift */ = {isa = PBXFileReference; lastKnownFileType = sourcecode.swift; path = QuipperTestUITestsLaunchTests.swift; sourceTree = "<group>"; };
		256CE3382BFE68E000EB8174 /* HomeScreenWireFrame.swift */ = {isa = PBXFileReference; lastKnownFileType = sourcecode.swift; path = HomeScreenWireFrame.swift; sourceTree = "<group>"; };
		256CE33B2BFE6A1100EB8174 /* HomeScreenViewModel.swift */ = {isa = PBXFileReference; lastKnownFileType = sourcecode.swift; path = HomeScreenViewModel.swift; sourceTree = "<group>"; };
		256CE33D2BFE6A6C00EB8174 /* PlaylistModel.swift */ = {isa = PBXFileReference; lastKnownFileType = sourcecode.swift; path = PlaylistModel.swift; sourceTree = "<group>"; };
		256CE33F2BFE6B8F00EB8174 /* PlaylistRepository.swift */ = {isa = PBXFileReference; lastKnownFileType = sourcecode.swift; path = PlaylistRepository.swift; sourceTree = "<group>"; };
		256CE3412BFE6C9D00EB8174 /* PlaylistRestAPIService.swift */ = {isa = PBXFileReference; lastKnownFileType = sourcecode.swift; path = PlaylistRestAPIService.swift; sourceTree = "<group>"; };
		256CE3442BFE6D0800EB8174 /* PlaylistDataModel.swift */ = {isa = PBXFileReference; lastKnownFileType = sourcecode.swift; path = PlaylistDataModel.swift; sourceTree = "<group>"; };
		25B93E2A2BFF46B600B8AB3F /* VideoItemCell.swift */ = {isa = PBXFileReference; lastKnownFileType = sourcecode.swift; path = VideoItemCell.swift; sourceTree = "<group>"; };
		25B93E2D2BFF4B6C00B8AB3F /* Colors.swift */ = {isa = PBXFileReference; lastKnownFileType = sourcecode.swift; path = Colors.swift; sourceTree = "<group>"; };
		25B93E2F2BFF5A0A00B8AB3F /* Kingfisher.framework */ = {isa = PBXFileReference; explicitFileType = wrapper.framework; path = Kingfisher.framework; sourceTree = BUILT_PRODUCTS_DIR; };
		25B93E332BFF5D9000B8AB3F /* Kingfisher.framework */ = {isa = PBXFileReference; explicitFileType = wrapper.framework; path = Kingfisher.framework; sourceTree = BUILT_PRODUCTS_DIR; };
		25B93E382BFF926400B8AB3F /* VideoDetailWireframe.swift */ = {isa = PBXFileReference; lastKnownFileType = sourcecode.swift; path = VideoDetailWireframe.swift; sourceTree = "<group>"; };
		25B93E3A2BFF92B600B8AB3F /* VideoDetailViewController.swift */ = {isa = PBXFileReference; lastKnownFileType = sourcecode.swift; path = VideoDetailViewController.swift; sourceTree = "<group>"; };
		25B93E3C2BFF954500B8AB3F /* CustomImageView.swift */ = {isa = PBXFileReference; lastKnownFileType = sourcecode.swift; path = CustomImageView.swift; sourceTree = "<group>"; };
		25B93E3E2BFFB18D00B8AB3F /* PlaylistRepositoryTests.swift */ = {isa = PBXFileReference; lastKnownFileType = sourcecode.swift; path = PlaylistRepositoryTests.swift; sourceTree = "<group>"; };
		25C295E92C01DB5500B88946 /* HomeScreenViewModelTests.swift */ = {isa = PBXFileReference; lastKnownFileType = sourcecode.swift; path = HomeScreenViewModelTests.swift; sourceTree = "<group>"; };
		324A3EA4BA56C15F2B030D40 /* Pods-QuipperTestTests.release.xcconfig */ = {isa = PBXFileReference; includeInIndex = 1; lastKnownFileType = text.xcconfig; name = "Pods-QuipperTestTests.release.xcconfig"; path = "Target Support Files/Pods-QuipperTestTests/Pods-QuipperTestTests.release.xcconfig"; sourceTree = "<group>"; };
		56E4CDC4F50FF562DD48EDEC /* Pods-QuipperTest-QuipperTestUITests.release.xcconfig */ = {isa = PBXFileReference; includeInIndex = 1; lastKnownFileType = text.xcconfig; name = "Pods-QuipperTest-QuipperTestUITests.release.xcconfig"; path = "Target Support Files/Pods-QuipperTest-QuipperTestUITests/Pods-QuipperTest-QuipperTestUITests.release.xcconfig"; sourceTree = "<group>"; };
		891FD8E054AEB779BE2BBEA0 /* Pods_QuipperTest.framework */ = {isa = PBXFileReference; explicitFileType = wrapper.framework; includeInIndex = 0; path = Pods_QuipperTest.framework; sourceTree = BUILT_PRODUCTS_DIR; };
		93877D25E8385E88F56E4167 /* Pods_QuipperTest_QuipperTestUITests.framework */ = {isa = PBXFileReference; explicitFileType = wrapper.framework; includeInIndex = 0; path = Pods_QuipperTest_QuipperTestUITests.framework; sourceTree = BUILT_PRODUCTS_DIR; };
		EDD3699892F48849A1769341 /* Pods_QuipperTestTests.framework */ = {isa = PBXFileReference; explicitFileType = wrapper.framework; includeInIndex = 0; path = Pods_QuipperTestTests.framework; sourceTree = BUILT_PRODUCTS_DIR; };
/* End PBXFileReference section */

/* Begin PBXFrameworksBuildPhase section */
		256CE2FB2BFE616F00EB8174 /* Frameworks */ = {
			isa = PBXFrameworksBuildPhase;
			buildActionMask = 2147483647;
			files = (
				E8ABC3C3A69133FAEFBACB96 /* Pods_QuipperTest.framework in Frameworks */,
			);
			runOnlyForDeploymentPostprocessing = 0;
		};
		256CE3112BFE617300EB8174 /* Frameworks */ = {
			isa = PBXFrameworksBuildPhase;
			buildActionMask = 2147483647;
			files = (
				6348F91177F710F9E8959B00 /* Pods_QuipperTestTests.framework in Frameworks */,
			);
			runOnlyForDeploymentPostprocessing = 0;
		};
		256CE31B2BFE617300EB8174 /* Frameworks */ = {
			isa = PBXFrameworksBuildPhase;
			buildActionMask = 2147483647;
			files = (
				F6F0B0D972D1C6984652DEF0 /* Pods_QuipperTest_QuipperTestUITests.framework in Frameworks */,
			);
			runOnlyForDeploymentPostprocessing = 0;
		};
/* End PBXFrameworksBuildPhase section */

/* Begin PBXGroup section */
		256CE2F52BFE616F00EB8174 = {
			isa = PBXGroup;
			children = (
				256CE3002BFE616F00EB8174 /* QuipperTest */,
				256CE3172BFE617300EB8174 /* QuipperTestTests */,
				256CE3212BFE617300EB8174 /* QuipperTestUITests */,
				256CE2FF2BFE616F00EB8174 /* Products */,
				B9FD7CE03E82FBE1627D69E6 /* Pods */,
				6F26B3CF922F2002813AE0A2 /* Frameworks */,
			);
			sourceTree = "<group>";
		};
		256CE2FF2BFE616F00EB8174 /* Products */ = {
			isa = PBXGroup;
			children = (
				256CE2FE2BFE616F00EB8174 /* QuipperTest.app */,
				256CE3142BFE617300EB8174 /* QuipperTestTests.xctest */,
				256CE31E2BFE617300EB8174 /* QuipperTestUITests.xctest */,
			);
			name = Products;
			sourceTree = "<group>";
		};
		256CE3002BFE616F00EB8174 /* QuipperTest */ = {
			isa = PBXGroup;
			children = (
				25B93E2C2BFF4B5400B8AB3F /* Extensions */,
				256CE3362BFE67EF00EB8174 /* Service */,
				256CE3352BFE67DA00EB8174 /* Repository */,
				256CE3332BFE67B800EB8174 /* Models */,
				256CE3322BFE67A700EB8174 /* ViewModels */,
				256CE3312BFE670000EB8174 /* Views */,
				256CE3012BFE616F00EB8174 /* AppDelegate.swift */,
				256CE3032BFE616F00EB8174 /* SceneDelegate.swift */,
				256CE30A2BFE617200EB8174 /* Assets.xcassets */,
				256CE30C2BFE617200EB8174 /* LaunchScreen.storyboard */,
				256CE30F2BFE617200EB8174 /* Info.plist */,
			);
			path = QuipperTest;
			sourceTree = "<group>";
		};
		256CE3172BFE617300EB8174 /* QuipperTestTests */ = {
			isa = PBXGroup;
			children = (
				256CE3182BFE617300EB8174 /* PlaylistRestAPIServiceTests.swift */,
				25B93E3E2BFFB18D00B8AB3F /* PlaylistRepositoryTests.swift */,
				25C295E92C01DB5500B88946 /* HomeScreenViewModelTests.swift */,
			);
			path = QuipperTestTests;
			sourceTree = "<group>";
		};
		256CE3212BFE617300EB8174 /* QuipperTestUITests */ = {
			isa = PBXGroup;
			children = (
				256CE3222BFE617300EB8174 /* QuipperTestUITests.swift */,
				256CE3242BFE617300EB8174 /* QuipperTestUITestsLaunchTests.swift */,
			);
			path = QuipperTestUITests;
			sourceTree = "<group>";
		};
		256CE3312BFE670000EB8174 /* Views */ = {
			isa = PBXGroup;
			children = (
				25B93E372BFF923800B8AB3F /* VideoDetail */,
				256CE3372BFE684E00EB8174 /* HomeScreen */,
				25B93E3C2BFF954500B8AB3F /* CustomImageView.swift */,
			);
			path = Views;
			sourceTree = "<group>";
		};
		256CE3322BFE67A700EB8174 /* ViewModels */ = {
			isa = PBXGroup;
			children = (
				256CE33B2BFE6A1100EB8174 /* HomeScreenViewModel.swift */,
			);
			path = ViewModels;
			sourceTree = "<group>";
		};
		256CE3332BFE67B800EB8174 /* Models */ = {
			isa = PBXGroup;
			children = (
				256CE3342BFE67C800EB8174 /* DataModels */,
				256CE33D2BFE6A6C00EB8174 /* PlaylistModel.swift */,
			);
			path = Models;
			sourceTree = "<group>";
		};
		256CE3342BFE67C800EB8174 /* DataModels */ = {
			isa = PBXGroup;
			children = (
				256CE3442BFE6D0800EB8174 /* PlaylistDataModel.swift */,
			);
			path = DataModels;
			sourceTree = "<group>";
		};
		256CE3352BFE67DA00EB8174 /* Repository */ = {
			isa = PBXGroup;
			children = (
				256CE33F2BFE6B8F00EB8174 /* PlaylistRepository.swift */,
			);
			path = Repository;
			sourceTree = "<group>";
		};
		256CE3362BFE67EF00EB8174 /* Service */ = {
			isa = PBXGroup;
			children = (
				256CE3432BFE6CA400EB8174 /* RestApiServices */,
			);
			path = Service;
			sourceTree = "<group>";
		};
		256CE3372BFE684E00EB8174 /* HomeScreen */ = {
			isa = PBXGroup;
			children = (
				25B93E292BFF468400B8AB3F /* Cells */,
				256CE3052BFE616F00EB8174 /* HomeScreenViewController.swift */,
				256CE3382BFE68E000EB8174 /* HomeScreenWireFrame.swift */,
			);
			path = HomeScreen;
			sourceTree = "<group>";
		};
		256CE3432BFE6CA400EB8174 /* RestApiServices */ = {
			isa = PBXGroup;
			children = (
				256CE3412BFE6C9D00EB8174 /* PlaylistRestAPIService.swift */,
			);
			path = RestApiServices;
			sourceTree = "<group>";
		};
		25B93E292BFF468400B8AB3F /* Cells */ = {
			isa = PBXGroup;
			children = (
				25B93E2A2BFF46B600B8AB3F /* VideoItemCell.swift */,
			);
			path = Cells;
			sourceTree = "<group>";
		};
		25B93E2C2BFF4B5400B8AB3F /* Extensions */ = {
			isa = PBXGroup;
			children = (
				25B93E2D2BFF4B6C00B8AB3F /* Colors.swift */,
			);
			path = Extensions;
			sourceTree = "<group>";
		};
		25B93E372BFF923800B8AB3F /* VideoDetail */ = {
			isa = PBXGroup;
			children = (
				25B93E382BFF926400B8AB3F /* VideoDetailWireframe.swift */,
				25B93E3A2BFF92B600B8AB3F /* VideoDetailViewController.swift */,
			);
			path = VideoDetail;
			sourceTree = "<group>";
		};
		6F26B3CF922F2002813AE0A2 /* Frameworks */ = {
			isa = PBXGroup;
			children = (
				25B93E332BFF5D9000B8AB3F /* Kingfisher.framework */,
				25B93E2F2BFF5A0A00B8AB3F /* Kingfisher.framework */,
				891FD8E054AEB779BE2BBEA0 /* Pods_QuipperTest.framework */,
				93877D25E8385E88F56E4167 /* Pods_QuipperTest_QuipperTestUITests.framework */,
				EDD3699892F48849A1769341 /* Pods_QuipperTestTests.framework */,
			);
			name = Frameworks;
			sourceTree = "<group>";
		};
		B9FD7CE03E82FBE1627D69E6 /* Pods */ = {
			isa = PBXGroup;
			children = (
				104D19FECAF1D73237CAEECF /* Pods-QuipperTest.debug.xcconfig */,
				02D1406630473B4A31DEA4D1 /* Pods-QuipperTest.release.xcconfig */,
				05CF290223FF1E43C0234AD8 /* Pods-QuipperTest-QuipperTestUITests.debug.xcconfig */,
				56E4CDC4F50FF562DD48EDEC /* Pods-QuipperTest-QuipperTestUITests.release.xcconfig */,
				1BF08B0A8357405C4D14D490 /* Pods-QuipperTestTests.debug.xcconfig */,
				324A3EA4BA56C15F2B030D40 /* Pods-QuipperTestTests.release.xcconfig */,
			);
			path = Pods;
			sourceTree = "<group>";
		};
/* End PBXGroup section */

/* Begin PBXNativeTarget section */
		256CE2FD2BFE616F00EB8174 /* QuipperTest */ = {
			isa = PBXNativeTarget;
			buildConfigurationList = 256CE3282BFE617300EB8174 /* Build configuration list for PBXNativeTarget "QuipperTest" */;
			buildPhases = (
				370B43164A4810DF2A541E89 /* [CP] Check Pods Manifest.lock */,
				256CE2FA2BFE616F00EB8174 /* Sources */,
				256CE2FB2BFE616F00EB8174 /* Frameworks */,
				256CE2FC2BFE616F00EB8174 /* Resources */,
				8BA6324BA9AA18D92105406B /* [CP] Embed Pods Frameworks */,
			);
			buildRules = (
			);
			dependencies = (
			);
			name = QuipperTest;
			productName = QuipperTest;
			productReference = 256CE2FE2BFE616F00EB8174 /* QuipperTest.app */;
			productType = "com.apple.product-type.application";
		};
		256CE3132BFE617300EB8174 /* QuipperTestTests */ = {
			isa = PBXNativeTarget;
			buildConfigurationList = 256CE32B2BFE617300EB8174 /* Build configuration list for PBXNativeTarget "QuipperTestTests" */;
			buildPhases = (
				2149F9117568D3C0009A1E59 /* [CP] Check Pods Manifest.lock */,
				256CE3102BFE617300EB8174 /* Sources */,
				256CE3112BFE617300EB8174 /* Frameworks */,
				256CE3122BFE617300EB8174 /* Resources */,
			);
			buildRules = (
			);
			dependencies = (
				256CE3162BFE617300EB8174 /* PBXTargetDependency */,
			);
			name = QuipperTestTests;
			productName = QuipperTestTests;
			productReference = 256CE3142BFE617300EB8174 /* QuipperTestTests.xctest */;
			productType = "com.apple.product-type.bundle.unit-test";
		};
		256CE31D2BFE617300EB8174 /* QuipperTestUITests */ = {
			isa = PBXNativeTarget;
			buildConfigurationList = 256CE32E2BFE617300EB8174 /* Build configuration list for PBXNativeTarget "QuipperTestUITests" */;
			buildPhases = (
				1ABACAB692A89BA3AB7CD226 /* [CP] Check Pods Manifest.lock */,
				256CE31A2BFE617300EB8174 /* Sources */,
				256CE31B2BFE617300EB8174 /* Frameworks */,
				256CE31C2BFE617300EB8174 /* Resources */,
				3B9525CA68139F945AD441DC /* [CP] Embed Pods Frameworks */,
			);
			buildRules = (
			);
			dependencies = (
				256CE3202BFE617300EB8174 /* PBXTargetDependency */,
			);
			name = QuipperTestUITests;
			productName = QuipperTestUITests;
			productReference = 256CE31E2BFE617300EB8174 /* QuipperTestUITests.xctest */;
			productType = "com.apple.product-type.bundle.ui-testing";
		};
/* End PBXNativeTarget section */

/* Begin PBXProject section */
		256CE2F62BFE616F00EB8174 /* Project object */ = {
			isa = PBXProject;
			attributes = {
				BuildIndependentTargetsInParallel = 1;
				LastSwiftUpdateCheck = 1420;
				LastUpgradeCheck = 1420;
				TargetAttributes = {
					256CE2FD2BFE616F00EB8174 = {
						CreatedOnToolsVersion = 14.2;
					};
					256CE3132BFE617300EB8174 = {
						CreatedOnToolsVersion = 14.2;
						TestTargetID = 256CE2FD2BFE616F00EB8174;
					};
					256CE31D2BFE617300EB8174 = {
						CreatedOnToolsVersion = 14.2;
						TestTargetID = 256CE2FD2BFE616F00EB8174;
					};
				};
			};
			buildConfigurationList = 256CE2F92BFE616F00EB8174 /* Build configuration list for PBXProject "QuipperTest" */;
			compatibilityVersion = "Xcode 14.0";
			developmentRegion = en;
			hasScannedForEncodings = 0;
			knownRegions = (
				en,
				Base,
			);
			mainGroup = 256CE2F52BFE616F00EB8174;
			productRefGroup = 256CE2FF2BFE616F00EB8174 /* Products */;
			projectDirPath = "";
			projectRoot = "";
			targets = (
				256CE2FD2BFE616F00EB8174 /* QuipperTest */,
				256CE3132BFE617300EB8174 /* QuipperTestTests */,
				256CE31D2BFE617300EB8174 /* QuipperTestUITests */,
			);
		};
/* End PBXProject section */

/* Begin PBXResourcesBuildPhase section */
		256CE2FC2BFE616F00EB8174 /* Resources */ = {
			isa = PBXResourcesBuildPhase;
			buildActionMask = 2147483647;
			files = (
				256CE30E2BFE617200EB8174 /* LaunchScreen.storyboard in Resources */,
				256CE30B2BFE617200EB8174 /* Assets.xcassets in Resources */,
			);
			runOnlyForDeploymentPostprocessing = 0;
		};
		256CE3122BFE617300EB8174 /* Resources */ = {
			isa = PBXResourcesBuildPhase;
			buildActionMask = 2147483647;
			files = (
			);
			runOnlyForDeploymentPostprocessing = 0;
		};
		256CE31C2BFE617300EB8174 /* Resources */ = {
			isa = PBXResourcesBuildPhase;
			buildActionMask = 2147483647;
			files = (
			);
			runOnlyForDeploymentPostprocessing = 0;
		};
/* End PBXResourcesBuildPhase section */

/* Begin PBXShellScriptBuildPhase section */
		1ABACAB692A89BA3AB7CD226 /* [CP] Check Pods Manifest.lock */ = {
			isa = PBXShellScriptBuildPhase;
			buildActionMask = 2147483647;
			files = (
			);
			inputFileListPaths = (
			);
			inputPaths = (
				"${PODS_PODFILE_DIR_PATH}/Podfile.lock",
				"${PODS_ROOT}/Manifest.lock",
			);
			name = "[CP] Check Pods Manifest.lock";
			outputFileListPaths = (
			);
			outputPaths = (
				"$(DERIVED_FILE_DIR)/Pods-QuipperTest-QuipperTestUITests-checkManifestLockResult.txt",
			);
			runOnlyForDeploymentPostprocessing = 0;
			shellPath = /bin/sh;
			shellScript = "diff \"${PODS_PODFILE_DIR_PATH}/Podfile.lock\" \"${PODS_ROOT}/Manifest.lock\" > /dev/null\nif [ $? != 0 ] ; then\n    # print error to STDERR\n    echo \"error: The sandbox is not in sync with the Podfile.lock. Run 'pod install' or update your CocoaPods installation.\" >&2\n    exit 1\nfi\n# This output is used by Xcode 'outputs' to avoid re-running this script phase.\necho \"SUCCESS\" > \"${SCRIPT_OUTPUT_FILE_0}\"\n";
			showEnvVarsInLog = 0;
		};
		2149F9117568D3C0009A1E59 /* [CP] Check Pods Manifest.lock */ = {
			isa = PBXShellScriptBuildPhase;
			buildActionMask = 2147483647;
			files = (
			);
			inputFileListPaths = (
			);
			inputPaths = (
				"${PODS_PODFILE_DIR_PATH}/Podfile.lock",
				"${PODS_ROOT}/Manifest.lock",
			);
			name = "[CP] Check Pods Manifest.lock";
			outputFileListPaths = (
			);
			outputPaths = (
				"$(DERIVED_FILE_DIR)/Pods-QuipperTestTests-checkManifestLockResult.txt",
			);
			runOnlyForDeploymentPostprocessing = 0;
			shellPath = /bin/sh;
			shellScript = "diff \"${PODS_PODFILE_DIR_PATH}/Podfile.lock\" \"${PODS_ROOT}/Manifest.lock\" > /dev/null\nif [ $? != 0 ] ; then\n    # print error to STDERR\n    echo \"error: The sandbox is not in sync with the Podfile.lock. Run 'pod install' or update your CocoaPods installation.\" >&2\n    exit 1\nfi\n# This output is used by Xcode 'outputs' to avoid re-running this script phase.\necho \"SUCCESS\" > \"${SCRIPT_OUTPUT_FILE_0}\"\n";
			showEnvVarsInLog = 0;
		};
		370B43164A4810DF2A541E89 /* [CP] Check Pods Manifest.lock */ = {
			isa = PBXShellScriptBuildPhase;
			buildActionMask = 2147483647;
			files = (
			);
			inputFileListPaths = (
			);
			inputPaths = (
				"${PODS_PODFILE_DIR_PATH}/Podfile.lock",
				"${PODS_ROOT}/Manifest.lock",
			);
			name = "[CP] Check Pods Manifest.lock";
			outputFileListPaths = (
			);
			outputPaths = (
				"$(DERIVED_FILE_DIR)/Pods-QuipperTest-checkManifestLockResult.txt",
			);
			runOnlyForDeploymentPostprocessing = 0;
			shellPath = /bin/sh;
			shellScript = "diff \"${PODS_PODFILE_DIR_PATH}/Podfile.lock\" \"${PODS_ROOT}/Manifest.lock\" > /dev/null\nif [ $? != 0 ] ; then\n    # print error to STDERR\n    echo \"error: The sandbox is not in sync with the Podfile.lock. Run 'pod install' or update your CocoaPods installation.\" >&2\n    exit 1\nfi\n# This output is used by Xcode 'outputs' to avoid re-running this script phase.\necho \"SUCCESS\" > \"${SCRIPT_OUTPUT_FILE_0}\"\n";
			showEnvVarsInLog = 0;
		};
		3B9525CA68139F945AD441DC /* [CP] Embed Pods Frameworks */ = {
			isa = PBXShellScriptBuildPhase;
			buildActionMask = 2147483647;
			files = (
			);
			inputFileListPaths = (
				"${PODS_ROOT}/Target Support Files/Pods-QuipperTest-QuipperTestUITests/Pods-QuipperTest-QuipperTestUITests-frameworks-${CONFIGURATION}-input-files.xcfilelist",
			);
			name = "[CP] Embed Pods Frameworks";
			outputFileListPaths = (
				"${PODS_ROOT}/Target Support Files/Pods-QuipperTest-QuipperTestUITests/Pods-QuipperTest-QuipperTestUITests-frameworks-${CONFIGURATION}-output-files.xcfilelist",
			);
			runOnlyForDeploymentPostprocessing = 0;
			shellPath = /bin/sh;
			shellScript = "\"${PODS_ROOT}/Target Support Files/Pods-QuipperTest-QuipperTestUITests/Pods-QuipperTest-QuipperTestUITests-frameworks.sh\"\n";
			showEnvVarsInLog = 0;
		};
		8BA6324BA9AA18D92105406B /* [CP] Embed Pods Frameworks */ = {
			isa = PBXShellScriptBuildPhase;
			buildActionMask = 2147483647;
			files = (
			);
			inputFileListPaths = (
				"${PODS_ROOT}/Target Support Files/Pods-QuipperTest/Pods-QuipperTest-frameworks-${CONFIGURATION}-input-files.xcfilelist",
			);
			name = "[CP] Embed Pods Frameworks";
			outputFileListPaths = (
				"${PODS_ROOT}/Target Support Files/Pods-QuipperTest/Pods-QuipperTest-frameworks-${CONFIGURATION}-output-files.xcfilelist",
			);
			runOnlyForDeploymentPostprocessing = 0;
			shellPath = /bin/sh;
			shellScript = "\"${PODS_ROOT}/Target Support Files/Pods-QuipperTest/Pods-QuipperTest-frameworks.sh\"\n";
			showEnvVarsInLog = 0;
		};
/* End PBXShellScriptBuildPhase section */

/* Begin PBXSourcesBuildPhase section */
		256CE2FA2BFE616F00EB8174 /* Sources */ = {
			isa = PBXSourcesBuildPhase;
			buildActionMask = 2147483647;
			files = (
				256CE3062BFE616F00EB8174 /* HomeScreenViewController.swift in Sources */,
				25B93E2E2BFF4B6C00B8AB3F /* Colors.swift in Sources */,
				25B93E3B2BFF92B600B8AB3F /* VideoDetailViewController.swift in Sources */,
				25B93E3D2BFF954500B8AB3F /* CustomImageView.swift in Sources */,
				256CE33E2BFE6A6C00EB8174 /* PlaylistModel.swift in Sources */,
				256CE3452BFE6D0800EB8174 /* PlaylistDataModel.swift in Sources */,
				256CE3422BFE6C9D00EB8174 /* PlaylistRestAPIService.swift in Sources */,
				25B93E2B2BFF46B600B8AB3F /* VideoItemCell.swift in Sources */,
				256CE3402BFE6B9000EB8174 /* PlaylistRepository.swift in Sources */,
				256CE3022BFE616F00EB8174 /* AppDelegate.swift in Sources */,
				256CE3042BFE616F00EB8174 /* SceneDelegate.swift in Sources */,
				25B93E392BFF926400B8AB3F /* VideoDetailWireframe.swift in Sources */,
				256CE3392BFE68E000EB8174 /* HomeScreenWireFrame.swift in Sources */,
				256CE33C2BFE6A1100EB8174 /* HomeScreenViewModel.swift in Sources */,
			);
			runOnlyForDeploymentPostprocessing = 0;
		};
		256CE3102BFE617300EB8174 /* Sources */ = {
			isa = PBXSourcesBuildPhase;
			buildActionMask = 2147483647;
			files = (
				256CE3192BFE617300EB8174 /* PlaylistRestAPIServiceTests.swift in Sources */,
				25C295EA2C01DB5500B88946 /* HomeScreenViewModelTests.swift in Sources */,
				25B93E3F2BFFB18D00B8AB3F /* PlaylistRepositoryTests.swift in Sources */,
				25C295E82C01D49C00B88946 /* PlaylistDataModel.swift in Sources */,
			);
			runOnlyForDeploymentPostprocessing = 0;
		};
		256CE31A2BFE617300EB8174 /* Sources */ = {
			isa = PBXSourcesBuildPhase;
			buildActionMask = 2147483647;
			files = (
				256CE3232BFE617300EB8174 /* QuipperTestUITests.swift in Sources */,
				256CE3252BFE617300EB8174 /* QuipperTestUITestsLaunchTests.swift in Sources */,
			);
			runOnlyForDeploymentPostprocessing = 0;
		};
/* End PBXSourcesBuildPhase section */

/* Begin PBXTargetDependency section */
		256CE3162BFE617300EB8174 /* PBXTargetDependency */ = {
			isa = PBXTargetDependency;
			target = 256CE2FD2BFE616F00EB8174 /* QuipperTest */;
			targetProxy = 256CE3152BFE617300EB8174 /* PBXContainerItemProxy */;
		};
		256CE3202BFE617300EB8174 /* PBXTargetDependency */ = {
			isa = PBXTargetDependency;
			target = 256CE2FD2BFE616F00EB8174 /* QuipperTest */;
			targetProxy = 256CE31F2BFE617300EB8174 /* PBXContainerItemProxy */;
		};
/* End PBXTargetDependency section */

/* Begin PBXVariantGroup section */
		256CE30C2BFE617200EB8174 /* LaunchScreen.storyboard */ = {
			isa = PBXVariantGroup;
			children = (
				256CE30D2BFE617200EB8174 /* Base */,
			);
			name = LaunchScreen.storyboard;
			sourceTree = "<group>";
		};
/* End PBXVariantGroup section */

/* Begin XCBuildConfiguration section */
		256CE3262BFE617300EB8174 /* Debug */ = {
			isa = XCBuildConfiguration;
			buildSettings = {
				ALWAYS_SEARCH_USER_PATHS = NO;
				CLANG_ANALYZER_NONNULL = YES;
				CLANG_ANALYZER_NUMBER_OBJECT_CONVERSION = YES_AGGRESSIVE;
				CLANG_CXX_LANGUAGE_STANDARD = "gnu++20";
				CLANG_ENABLE_MODULES = YES;
				CLANG_ENABLE_OBJC_ARC = YES;
				CLANG_ENABLE_OBJC_WEAK = YES;
				CLANG_WARN_BLOCK_CAPTURE_AUTORELEASING = YES;
				CLANG_WARN_BOOL_CONVERSION = YES;
				CLANG_WARN_COMMA = YES;
				CLANG_WARN_CONSTANT_CONVERSION = YES;
				CLANG_WARN_DEPRECATED_OBJC_IMPLEMENTATIONS = YES;
				CLANG_WARN_DIRECT_OBJC_ISA_USAGE = YES_ERROR;
				CLANG_WARN_DOCUMENTATION_COMMENTS = YES;
				CLANG_WARN_EMPTY_BODY = YES;
				CLANG_WARN_ENUM_CONVERSION = YES;
				CLANG_WARN_INFINITE_RECURSION = YES;
				CLANG_WARN_INT_CONVERSION = YES;
				CLANG_WARN_NON_LITERAL_NULL_CONVERSION = YES;
				CLANG_WARN_OBJC_IMPLICIT_RETAIN_SELF = YES;
				CLANG_WARN_OBJC_LITERAL_CONVERSION = YES;
				CLANG_WARN_OBJC_ROOT_CLASS = YES_ERROR;
				CLANG_WARN_QUOTED_INCLUDE_IN_FRAMEWORK_HEADER = YES;
				CLANG_WARN_RANGE_LOOP_ANALYSIS = YES;
				CLANG_WARN_STRICT_PROTOTYPES = YES;
				CLANG_WARN_SUSPICIOUS_MOVE = YES;
				CLANG_WARN_UNGUARDED_AVAILABILITY = YES_AGGRESSIVE;
				CLANG_WARN_UNREACHABLE_CODE = YES;
				CLANG_WARN__DUPLICATE_METHOD_MATCH = YES;
				COPY_PHASE_STRIP = NO;
				DEBUG_INFORMATION_FORMAT = dwarf;
				ENABLE_STRICT_OBJC_MSGSEND = YES;
				ENABLE_TESTABILITY = YES;
				GCC_C_LANGUAGE_STANDARD = gnu11;
				GCC_DYNAMIC_NO_PIC = NO;
				GCC_NO_COMMON_BLOCKS = YES;
				GCC_OPTIMIZATION_LEVEL = 0;
				GCC_PREPROCESSOR_DEFINITIONS = (
					"DEBUG=1",
					"$(inherited)",
				);
				GCC_WARN_64_TO_32_BIT_CONVERSION = YES;
				GCC_WARN_ABOUT_RETURN_TYPE = YES_ERROR;
				GCC_WARN_UNDECLARED_SELECTOR = YES;
				GCC_WARN_UNINITIALIZED_AUTOS = YES_AGGRESSIVE;
				GCC_WARN_UNUSED_FUNCTION = YES;
				GCC_WARN_UNUSED_VARIABLE = YES;
				IPHONEOS_DEPLOYMENT_TARGET = 16.2;
				MTL_ENABLE_DEBUG_INFO = INCLUDE_SOURCE;
				MTL_FAST_MATH = YES;
				ONLY_ACTIVE_ARCH = YES;
				SDKROOT = iphoneos;
				SWIFT_ACTIVE_COMPILATION_CONDITIONS = DEBUG;
				SWIFT_OPTIMIZATION_LEVEL = "-Onone";
			};
			name = Debug;
		};
		256CE3272BFE617300EB8174 /* Release */ = {
			isa = XCBuildConfiguration;
			buildSettings = {
				ALWAYS_SEARCH_USER_PATHS = NO;
				CLANG_ANALYZER_NONNULL = YES;
				CLANG_ANALYZER_NUMBER_OBJECT_CONVERSION = YES_AGGRESSIVE;
				CLANG_CXX_LANGUAGE_STANDARD = "gnu++20";
				CLANG_ENABLE_MODULES = YES;
				CLANG_ENABLE_OBJC_ARC = YES;
				CLANG_ENABLE_OBJC_WEAK = YES;
				CLANG_WARN_BLOCK_CAPTURE_AUTORELEASING = YES;
				CLANG_WARN_BOOL_CONVERSION = YES;
				CLANG_WARN_COMMA = YES;
				CLANG_WARN_CONSTANT_CONVERSION = YES;
				CLANG_WARN_DEPRECATED_OBJC_IMPLEMENTATIONS = YES;
				CLANG_WARN_DIRECT_OBJC_ISA_USAGE = YES_ERROR;
				CLANG_WARN_DOCUMENTATION_COMMENTS = YES;
				CLANG_WARN_EMPTY_BODY = YES;
				CLANG_WARN_ENUM_CONVERSION = YES;
				CLANG_WARN_INFINITE_RECURSION = YES;
				CLANG_WARN_INT_CONVERSION = YES;
				CLANG_WARN_NON_LITERAL_NULL_CONVERSION = YES;
				CLANG_WARN_OBJC_IMPLICIT_RETAIN_SELF = YES;
				CLANG_WARN_OBJC_LITERAL_CONVERSION = YES;
				CLANG_WARN_OBJC_ROOT_CLASS = YES_ERROR;
				CLANG_WARN_QUOTED_INCLUDE_IN_FRAMEWORK_HEADER = YES;
				CLANG_WARN_RANGE_LOOP_ANALYSIS = YES;
				CLANG_WARN_STRICT_PROTOTYPES = YES;
				CLANG_WARN_SUSPICIOUS_MOVE = YES;
				CLANG_WARN_UNGUARDED_AVAILABILITY = YES_AGGRESSIVE;
				CLANG_WARN_UNREACHABLE_CODE = YES;
				CLANG_WARN__DUPLICATE_METHOD_MATCH = YES;
				COPY_PHASE_STRIP = NO;
				DEBUG_INFORMATION_FORMAT = "dwarf-with-dsym";
				ENABLE_NS_ASSERTIONS = NO;
				ENABLE_STRICT_OBJC_MSGSEND = YES;
				GCC_C_LANGUAGE_STANDARD = gnu11;
				GCC_NO_COMMON_BLOCKS = YES;
				GCC_WARN_64_TO_32_BIT_CONVERSION = YES;
				GCC_WARN_ABOUT_RETURN_TYPE = YES_ERROR;
				GCC_WARN_UNDECLARED_SELECTOR = YES;
				GCC_WARN_UNINITIALIZED_AUTOS = YES_AGGRESSIVE;
				GCC_WARN_UNUSED_FUNCTION = YES;
				GCC_WARN_UNUSED_VARIABLE = YES;
				IPHONEOS_DEPLOYMENT_TARGET = 16.2;
				MTL_ENABLE_DEBUG_INFO = NO;
				MTL_FAST_MATH = YES;
				SDKROOT = iphoneos;
				SWIFT_COMPILATION_MODE = wholemodule;
				SWIFT_OPTIMIZATION_LEVEL = "-O";
				VALIDATE_PRODUCT = YES;
			};
			name = Release;
		};
		256CE3292BFE617300EB8174 /* Debug */ = {
			isa = XCBuildConfiguration;
			baseConfigurationReference = 104D19FECAF1D73237CAEECF /* Pods-QuipperTest.debug.xcconfig */;
			buildSettings = {
				ASSETCATALOG_COMPILER_APPICON_NAME = AppIcon;
				ASSETCATALOG_COMPILER_GLOBAL_ACCENT_COLOR_NAME = AccentColor;
				CODE_SIGN_STYLE = Automatic;
				CURRENT_PROJECT_VERSION = 1;
				"FRAMEWORK_SEARCH_PATHS[arch=*]" = (
					"$(SRCROOT)",
					"$(inherited)",
				);
				GENERATE_INFOPLIST_FILE = YES;
				INFOPLIST_FILE = QuipperTest/Info.plist;
				INFOPLIST_KEY_UIApplicationSupportsIndirectInputEvents = YES;
				INFOPLIST_KEY_UILaunchStoryboardName = LaunchScreen;
				INFOPLIST_KEY_UIStatusBarHidden = NO;
				INFOPLIST_KEY_UIStatusBarStyle = "";
				INFOPLIST_KEY_UISupportedInterfaceOrientations = UIInterfaceOrientationPortrait;
				INFOPLIST_KEY_UISupportedInterfaceOrientations_iPad = "UIInterfaceOrientationLandscapeLeft UIInterfaceOrientationLandscapeRight UIInterfaceOrientationPortrait UIInterfaceOrientationPortraitUpsideDown";
				LD_RUNPATH_SEARCH_PATHS = (
					"$(inherited)",
					"@executable_path/Frameworks",
				);
				MARKETING_VERSION = 1.0;
				PRODUCT_BUNDLE_IDENTIFIER = rahman.QuipperTest;
				PRODUCT_NAME = "$(TARGET_NAME)";
				SUPPORTED_PLATFORMS = "iphoneos iphonesimulator";
				SUPPORTS_MACCATALYST = NO;
				SUPPORTS_MAC_DESIGNED_FOR_IPHONE_IPAD = NO;
				SWIFT_EMIT_LOC_STRINGS = YES;
				SWIFT_VERSION = 5.0;
				TARGETED_DEVICE_FAMILY = 1;
			};
			name = Debug;
		};
		256CE32A2BFE617300EB8174 /* Release */ = {
			isa = XCBuildConfiguration;
			baseConfigurationReference = 02D1406630473B4A31DEA4D1 /* Pods-QuipperTest.release.xcconfig */;
			buildSettings = {
				ASSETCATALOG_COMPILER_APPICON_NAME = AppIcon;
				ASSETCATALOG_COMPILER_GLOBAL_ACCENT_COLOR_NAME = AccentColor;
				CODE_SIGN_STYLE = Automatic;
				CURRENT_PROJECT_VERSION = 1;
				GENERATE_INFOPLIST_FILE = YES;
				INFOPLIST_FILE = QuipperTest/Info.plist;
				INFOPLIST_KEY_UIApplicationSupportsIndirectInputEvents = YES;
				INFOPLIST_KEY_UILaunchStoryboardName = LaunchScreen;
				INFOPLIST_KEY_UIStatusBarHidden = NO;
				INFOPLIST_KEY_UIStatusBarStyle = "";
				INFOPLIST_KEY_UISupportedInterfaceOrientations = UIInterfaceOrientationPortrait;
				INFOPLIST_KEY_UISupportedInterfaceOrientations_iPad = "UIInterfaceOrientationLandscapeLeft UIInterfaceOrientationLandscapeRight UIInterfaceOrientationPortrait UIInterfaceOrientationPortraitUpsideDown";
				LD_RUNPATH_SEARCH_PATHS = (
					"$(inherited)",
					"@executable_path/Frameworks",
				);
				MARKETING_VERSION = 1.0;
				PRODUCT_BUNDLE_IDENTIFIER = rahman.QuipperTest;
				PRODUCT_NAME = "$(TARGET_NAME)";
				SUPPORTED_PLATFORMS = "iphoneos iphonesimulator";
				SUPPORTS_MACCATALYST = NO;
				SUPPORTS_MAC_DESIGNED_FOR_IPHONE_IPAD = NO;
				SWIFT_EMIT_LOC_STRINGS = YES;
				SWIFT_VERSION = 5.0;
				TARGETED_DEVICE_FAMILY = 1;
			};
			name = Release;
		};
		256CE32C2BFE617300EB8174 /* Debug */ = {
			isa = XCBuildConfiguration;
			baseConfigurationReference = 1BF08B0A8357405C4D14D490 /* Pods-QuipperTestTests.debug.xcconfig */;
			buildSettings = {
				ALWAYS_EMBED_SWIFT_STANDARD_LIBRARIES = YES;
				BUNDLE_LOADER = "$(TEST_HOST)";
				CODE_SIGN_STYLE = Automatic;
				CURRENT_PROJECT_VERSION = 1;
				GENERATE_INFOPLIST_FILE = YES;
				IPHONEOS_DEPLOYMENT_TARGET = 16.2;
				MARKETING_VERSION = 1.0;
				PRODUCT_BUNDLE_IDENTIFIER = rahman.QuipperTestTests;
				PRODUCT_NAME = "$(TARGET_NAME)";
				SWIFT_EMIT_LOC_STRINGS = NO;
				SWIFT_VERSION = 5.0;
				TARGETED_DEVICE_FAMILY = "1,2";
				TEST_HOST = "$(BUILT_PRODUCTS_DIR)/QuipperTest.app/$(BUNDLE_EXECUTABLE_FOLDER_PATH)/QuipperTest";
			};
			name = Debug;
		};
		256CE32D2BFE617300EB8174 /* Release */ = {
			isa = XCBuildConfiguration;
			baseConfigurationReference = 324A3EA4BA56C15F2B030D40 /* Pods-QuipperTestTests.release.xcconfig */;
			buildSettings = {
				ALWAYS_EMBED_SWIFT_STANDARD_LIBRARIES = YES;
				BUNDLE_LOADER = "$(TEST_HOST)";
				CODE_SIGN_STYLE = Automatic;
				CURRENT_PROJECT_VERSION = 1;
				GENERATE_INFOPLIST_FILE = YES;
				IPHONEOS_DEPLOYMENT_TARGET = 16.2;
				MARKETING_VERSION = 1.0;
				PRODUCT_BUNDLE_IDENTIFIER = rahman.QuipperTestTests;
				PRODUCT_NAME = "$(TARGET_NAME)";
				SWIFT_EMIT_LOC_STRINGS = NO;
				SWIFT_VERSION = 5.0;
				TARGETED_DEVICE_FAMILY = "1,2";
				TEST_HOST = "$(BUILT_PRODUCTS_DIR)/QuipperTest.app/$(BUNDLE_EXECUTABLE_FOLDER_PATH)/QuipperTest";
			};
			name = Release;
		};
		256CE32F2BFE617300EB8174 /* Debug */ = {
			isa = XCBuildConfiguration;
			baseConfigurationReference = 05CF290223FF1E43C0234AD8 /* Pods-QuipperTest-QuipperTestUITests.debug.xcconfig */;
			buildSettings = {
				ALWAYS_EMBED_SWIFT_STANDARD_LIBRARIES = YES;
				CODE_SIGN_STYLE = Automatic;
				CURRENT_PROJECT_VERSION = 1;
				GENERATE_INFOPLIST_FILE = YES;
				MARKETING_VERSION = 1.0;
				PRODUCT_BUNDLE_IDENTIFIER = rahman.QuipperTestUITests;
				PRODUCT_NAME = "$(TARGET_NAME)";
				SWIFT_EMIT_LOC_STRINGS = NO;
				SWIFT_VERSION = 5.0;
				TARGETED_DEVICE_FAMILY = "1,2";
				TEST_TARGET_NAME = QuipperTest;
			};
			name = Debug;
		};
		256CE3302BFE617300EB8174 /* Release */ = {
			isa = XCBuildConfiguration;
			baseConfigurationReference = 56E4CDC4F50FF562DD48EDEC /* Pods-QuipperTest-QuipperTestUITests.release.xcconfig */;
			buildSettings = {
				ALWAYS_EMBED_SWIFT_STANDARD_LIBRARIES = YES;
				CODE_SIGN_STYLE = Automatic;
				CURRENT_PROJECT_VERSION = 1;
				GENERATE_INFOPLIST_FILE = YES;
				MARKETING_VERSION = 1.0;
				PRODUCT_BUNDLE_IDENTIFIER = rahman.QuipperTestUITests;
				PRODUCT_NAME = "$(TARGET_NAME)";
				SWIFT_EMIT_LOC_STRINGS = NO;
				SWIFT_VERSION = 5.0;
				TARGETED_DEVICE_FAMILY = "1,2";
				TEST_TARGET_NAME = QuipperTest;
			};
			name = Release;
		};
/* End XCBuildConfiguration section */

/* Begin XCConfigurationList section */
		256CE2F92BFE616F00EB8174 /* Build configuration list for PBXProject "QuipperTest" */ = {
			isa = XCConfigurationList;
			buildConfigurations = (
				256CE3262BFE617300EB8174 /* Debug */,
				256CE3272BFE617300EB8174 /* Release */,
			);
			defaultConfigurationIsVisible = 0;
			defaultConfigurationName = Release;
		};
		256CE3282BFE617300EB8174 /* Build configuration list for PBXNativeTarget "QuipperTest" */ = {
			isa = XCConfigurationList;
			buildConfigurations = (
				256CE3292BFE617300EB8174 /* Debug */,
				256CE32A2BFE617300EB8174 /* Release */,
			);
			defaultConfigurationIsVisible = 0;
			defaultConfigurationName = Release;
		};
		256CE32B2BFE617300EB8174 /* Build configuration list for PBXNativeTarget "QuipperTestTests" */ = {
			isa = XCConfigurationList;
			buildConfigurations = (
				256CE32C2BFE617300EB8174 /* Debug */,
				256CE32D2BFE617300EB8174 /* Release */,
			);
			defaultConfigurationIsVisible = 0;
			defaultConfigurationName = Release;
		};
		256CE32E2BFE617300EB8174 /* Build configuration list for PBXNativeTarget "QuipperTestUITests" */ = {
			isa = XCConfigurationList;
			buildConfigurations = (
				256CE32F2BFE617300EB8174 /* Debug */,
				256CE3302BFE617300EB8174 /* Release */,
			);
			defaultConfigurationIsVisible = 0;
			defaultConfigurationName = Release;
		};
/* End XCConfigurationList section */
	};
	rootObject = 256CE2F62BFE616F00EB8174 /* Project object */;
}
